
Microsoft Visual Studio Solution File, Format Version 12.00
# Visual Studio Version 17
VisualStudioVersion = 17.9.34714.143
MinimumVisualStudioVersion = 10.0.40219.1
Project("{9A19103F-16F7-4668-BE54-9A1E7A4F7556}") = "LamprosInsights.Application", "LamprosInsights.Application\LamprosInsights.Application.csproj", "{837B824F-9A64-4B4A-AC12-219803F1A865}"
EndProject
Project("{9A19103F-16F7-4668-BE54-9A1E7A4F7556}") = "LamprosInsights.Api", "LamprosInsights.Api\LamprosInsights.Api.csproj", "{F2031B1D-2B42-441A-99CD-479F1EBC91E5}"
EndProject
Project("{FAE04EC0-301F-11D3-BF4B-00C04F79EFBC}") = "LamprosInsights.Infrastructure", "LamprosInsights.Infrastructure\LamprosInsights.Infrastructure.csproj", "{18653A59-5DEB-40D9-815B-8CEA8BC27938}"
EndProject
Project("{FAE04EC0-301F-11D3-BF4B-00C04F79EFBC}") = "LamprosInsights.Domain", "LamprosInsights.Domain\LamprosInsights.Domain.csproj", "{37E598B2-DAAE-4DDD-A717-411B1A88C26E}"
EndProject
Global
	GlobalSection(SolutionConfigurationPlatforms) = preSolution
		Debug|Any CPU = Debug|Any CPU
		Release|Any CPU = Release|Any CPU
	EndGlobalSection
	GlobalSection(ProjectConfigurationPlatforms) = postSolution
		{837B824F-9A64-4B4A-AC12-219803F1A865}.Debug|Any CPU.ActiveCfg = Debug|Any CPU
		{837B824F-9A64-4B4A-AC12-219803F1A865}.Debug|Any CPU.Build.0 = Debug|Any CPU
		{837B824F-9A64-4B4A-AC12-219803F1A865}.Release|Any CPU.ActiveCfg = Release|Any CPU
		{837B824F-9A64-4B4A-AC12-219803F1A865}.Release|Any CPU.Build.0 = Release|Any CPU
		{F2031B1D-2B42-441A-99CD-479F1EBC91E5}.Debug|Any CPU.ActiveCfg = Debug|Any CPU
		{F2031B1D-2B42-441A-99CD-479F1EBC91E5}.Debug|Any CPU.Build.0 = Debug|Any CPU
		{F2031B1D-2B42-441A-99CD-479F1EBC91E5}.Release|Any CPU.ActiveCfg = Release|Any CPU
		{F2031B1D-2B42-441A-99CD-479F1EBC91E5}.Release|Any CPU.Build.0 = Release|Any CPU
		{18653A59-5DEB-40D9-815B-8CEA8BC27938}.Debug|Any CPU.ActiveCfg = Debug|Any CPU
		{18653A59-5DEB-40D9-815B-8CEA8BC27938}.Debug|Any CPU.Build.0 = Debug|Any CPU
		{18653A59-5DEB-40D9-815B-8CEA8BC27938}.Release|Any CPU.ActiveCfg = Release|Any CPU
		{18653A59-5DEB-40D9-815B-8CEA8BC27938}.Release|Any CPU.Build.0 = Release|Any CPU
		{37E598B2-DAAE-4DDD-A717-411B1A88C26E}.Debug|Any CPU.ActiveCfg = Debug|Any CPU
		{37E598B2-DAAE-4DDD-A717-411B1A88C26E}.Debug|Any CPU.Build.0 = Debug|Any CPU
		{37E598B2-DAAE-4DDD-A717-411B1A88C26E}.Release|Any CPU.ActiveCfg = Release|Any CPU
		{37E598B2-DAAE-4DDD-A717-411B1A88C26E}.Release|Any CPU.Build.0 = Release|Any CPU
	EndGlobalSection
	GlobalSection(SolutionProperties) = preSolution
		HideSolutionNode = FALSE
	EndGlobalSection
	GlobalSection(ExtensibilityGlobals) = postSolution
		SolutionGuid = {A7BFCEFA-5BAB-4664-9DD5-215C081DC690}
	EndGlobalSection
EndGlobal
